{
  "name": "public",
  "version": "1.0.0",
  "lockfileVersion": 2,
  "requires": true,
  "packages": {
    "": {
      "name": "public",
      "version": "1.0.0",
      "license": "ISC",
      "dependencies": {
        "@fortawesome/fontawesome-free": "^6.3.0",
        "blueimp-file-upload": "^10.32.0",
        "bootstrap": "^5.2.3",
        "braintree": "^3.15.0",
        "jquery": "^3.6.4",
        "jquery-ui": "^1.13.2",
        "jquery.iframe-transport": "^1.0.0"
      }
    },
    "node_modules/@braintree/wrap-promise": {
      "version": "2.1.0",
      "resolved": "https://registry.npmjs.org/@braintree/wrap-promise/-/wrap-promise-2.1.0.tgz",
      "integrity": "sha512-UIrJB+AfKU0CCfbMoWrsGpd2D/hBpY/SGgFI6WRHPOwhaZ3g9rz1weiJ6eb6L9KgVyunT7s2tckcPkbHw+NzeA=="
    },
    "node_modules/@fortawesome/fontawesome-free": {
      "version": "6.3.0",
      "resolved": "https://registry.npmjs.org/@fortawesome/fontawesome-free/-/fontawesome-free-6.3.0.tgz",
      "integrity": "sha512-qVtd5i1Cc7cdrqnTWqTObKQHjPWAiRwjUPaXObaeNPcy7+WKxJumGBx66rfSFgK6LNpIasVKkEgW8oyf0tmPLA==",
      "hasInstallScript": true,
      "engines": {
        "node": ">=6"
      }
    },
    "node_modules/@popperjs/core": {
      "version": "2.11.6",
      "resolved": "https://registry.npmjs.org/@popperjs/core/-/core-2.11.6.tgz",
      "integrity": "sha512-50/17A98tWUfQ176raKiOGXuYpLyyVMkxxG6oylzL3BPOlA6ADGdK7EYunSa4I064xerltq9TGXs8HmOk5E+vw==",
      "peer": true,
      "funding": {
        "type": "opencollective",
        "url": "https://opencollective.com/popperjs"
      }
    },
    "node_modules/blueimp-canvas-to-blob": {
      "version": "3.29.0",
      "resolved": "https://registry.npmjs.org/blueimp-canvas-to-blob/-/blueimp-canvas-to-blob-3.29.0.tgz",
      "integrity": "sha512-0pcSSGxC0QxT+yVkivxIqW0Y4VlO2XSDPofBAqoJ1qJxgH9eiUDLv50Rixij2cDuEfx4M6DpD9UGZpRhT5Q8qg==",
      "optional": true
    },
    "node_modules/blueimp-file-upload": {
      "version": "10.32.0",
      "resolved": "https://registry.npmjs.org/blueimp-file-upload/-/blueimp-file-upload-10.32.0.tgz",
      "integrity": "sha512-3WMJw5Cbfz94Adl1OeyH+rRpGwHiNHzja+CR6aRWPoAtwrUwvP5gXKo0XdX+sdPE+iCU63Xmba88hoHQmzY8RQ==",
      "optionalDependencies": {
        "blueimp-canvas-to-blob": "3",
        "blueimp-load-image": "5",
        "blueimp-tmpl": "3"
      },
      "peerDependencies": {
        "jquery": ">=1.7"
      }
    },
    "node_modules/blueimp-load-image": {
      "version": "5.16.0",
      "resolved": "https://registry.npmjs.org/blueimp-load-image/-/blueimp-load-image-5.16.0.tgz",
      "integrity": "sha512-3DUSVdOtlfNRk7moRZuTwDmA3NnG8KIJuLcq3c0J7/BIr6X3Vb/EpX3kUH1joxUhmoVF4uCpDfz7wHkz8pQajA==",
      "optional": true
    },
    "node_modules/blueimp-tmpl": {
      "version": "3.20.0",
      "resolved": "https://registry.npmjs.org/blueimp-tmpl/-/blueimp-tmpl-3.20.0.tgz",
      "integrity": "sha512-g6ln9L+VX8ZA4WA8mgKMethYH+5teroJ2uOkCvcthy9Y9d9LrQ42OAMn+r3ECKu9CB+xe9GOChlIUJBSxwkI6g==",
      "optional": true,
      "bin": {
        "tmpl.js": "js/compile.js"
      }
    },
    "node_modules/bootstrap": {
      "version": "5.2.3",
      "resolved": "https://registry.npmjs.org/bootstrap/-/bootstrap-5.2.3.tgz",
      "integrity": "sha512-cEKPM+fwb3cT8NzQZYEu4HilJ3anCrWqh3CHAok1p9jXqMPsPTBhU25fBckEJHJ/p+tTxTFTsFQGM+gaHpi3QQ==",
      "funding": [
        {
          "type": "github",
          "url": "https://github.com/sponsors/twbs"
        },
        {
          "type": "opencollective",
          "url": "https://opencollective.com/bootstrap"
        }
      ],
      "peerDependencies": {
        "@popperjs/core": "^2.11.6"
      }
    },
    "node_modules/braintree": {
      "version": "3.15.0",
      "resolved": "https://registry.npmjs.org/braintree/-/braintree-3.15.0.tgz",
      "integrity": "sha512-J6Ps1nZvf3wiFitPyJYUNaThsY7ATDY7JyUo2kAppXK00ZvPRQ1N0XWp3XNPhNvdJGLRXjmamUvCatEKV9jb7g==",
      "dependencies": {
        "@braintree/wrap-promise": "2.1.0",
        "dateformat": "4.5.1",
        "xml2js": "0.5.0"
      },
      "engines": {
        "node": ">=10.0",
        "npm": ">=6"
      }
    },
    "node_modules/dateformat": {
      "version": "4.5.1",
      "resolved": "https://registry.npmjs.org/dateformat/-/dateformat-4.5.1.tgz",
      "integrity": "sha512-OD0TZ+B7yP7ZgpJf5K2DIbj3FZvFvxgFUuaqA/V5zTjAtAAXZ1E8bktHxmAGs4x5b7PflqA9LeQ84Og7wYtF7Q==",
      "engines": {
        "node": "*"
      }
    },
    "node_modules/jquery": {
      "version": "3.6.4",
      "resolved": "https://registry.npmjs.org/jquery/-/jquery-3.6.4.tgz",
      "integrity": "sha512-v28EW9DWDFpzcD9O5iyJXg3R3+q+mET5JhnjJzQUZMHOv67bpSIHq81GEYpPNZHG+XXHsfSme3nxp/hndKEcsQ=="
    },
    "node_modules/jquery-ui": {
      "version": "1.13.2",
      "resolved": "https://registry.npmjs.org/jquery-ui/-/jquery-ui-1.13.2.tgz",
      "integrity": "sha512-wBZPnqWs5GaYJmo1Jj0k/mrSkzdQzKDwhXNtHKcBdAcKVxMM3KNYFq+iJ2i1rwiG53Z8M4mTn3Qxrm17uH1D4Q==",
      "dependencies": {
        "jquery": ">=1.8.0 <4.0.0"
      }
    },
    "node_modules/jquery.iframe-transport": {
      "version": "1.0.0",
      "resolved": "https://registry.npmjs.org/jquery.iframe-transport/-/jquery.iframe-transport-1.0.0.tgz",
      "integrity": "sha512-dKReRo8hsu7IRhhlWi4/zwpZaYQ+IB/H38X2k9JAY2V5iHxBP56Wk26XvPVt5dh+tEPomt15jXbpd4ApxzraBQ=="
    },
    "node_modules/sax": {
      "version": "1.2.4",
      "resolved": "https://registry.npmjs.org/sax/-/sax-1.2.4.tgz",
      "integrity": "sha512-NqVDv9TpANUjFm0N8uM5GxL36UgKi9/atZw+x7YFnQ8ckwFGKrl4xX4yWtrey3UJm5nP1kUbnYgLopqWNSRhWw=="
    },
    "node_modules/xml2js": {
      "version": "0.5.0",
      "resolved": "https://registry.npmjs.org/xml2js/-/xml2js-0.5.0.tgz",
      "integrity": "sha512-drPFnkQJik/O+uPKpqSgr22mpuFHqKdbS835iAQrUC73L2F5WkboIRd63ai/2Yg6I1jzifPFKH2NTK+cfglkIA==",
      "dependencies": {
        "sax": ">=0.6.0",
        "xmlbuilder": "~11.0.0"
      },
      "engines": {
        "node": ">=4.0.0"
      }
    },
    "node_modules/xmlbuilder": {
      "version": "11.0.1",
      "resolved": "https://registry.npmjs.org/xmlbuilder/-/xmlbuilder-11.0.1.tgz",
      "integrity": "sha512-fDlsI/kFEx7gLvbecc0/ohLG50fugQp8ryHzMTuW9vSa1GJ0XYWKnhsUx7oie3G98+r56aTQIUB4kht42R3JvA==",
      "engines": {
        "node": ">=4.0"
      }
    }
  },
  "dependencies": {
    "@braintree/wrap-promise": {
      "version": "2.1.0",
      "resolved": "https://registry.npmjs.org/@braintree/wrap-promise/-/wrap-promise-2.1.0.tgz",
      "integrity": "sha512-UIrJB+AfKU0CCfbMoWrsGpd2D/hBpY/SGgFI6WRHPOwhaZ3g9rz1weiJ6eb6L9KgVyunT7s2tckcPkbHw+NzeA=="
    },
    "@fortawesome/fontawesome-free": {
      "version": "6.3.0",
      "resolved": "https://registry.npmjs.org/@fortawesome/fontawesome-free/-/fontawesome-free-6.3.0.tgz",
      "integrity": "sha512-qVtd5i1Cc7cdrqnTWqTObKQHjPWAiRwjUPaXObaeNPcy7+WKxJumGBx66rfSFgK6LNpIasVKkEgW8oyf0tmPLA=="
    },
    "@popperjs/core": {
      "version": "2.11.6",
      "resolved": "https://registry.npmjs.org/@popperjs/core/-/core-2.11.6.tgz",
      "integrity": "sha512-50/17A98tWUfQ176raKiOGXuYpLyyVMkxxG6oylzL3BPOlA6ADGdK7EYunSa4I064xerltq9TGXs8HmOk5E+vw==",
      "peer": true
    },
    "blueimp-canvas-to-blob": {
      "version": "3.29.0",
      "resolved": "https://registry.npmjs.org/blueimp-canvas-to-blob/-/blueimp-canvas-to-blob-3.29.0.tgz",
      "integrity": "sha512-0pcSSGxC0QxT+yVkivxIqW0Y4VlO2XSDPofBAqoJ1qJxgH9eiUDLv50Rixij2cDuEfx4M6DpD9UGZpRhT5Q8qg==",
      "optional": true
    },
    "blueimp-file-upload": {
      "version": "10.32.0",
      "resolved": "https://registry.npmjs.org/blueimp-file-upload/-/blueimp-file-upload-10.32.0.tgz",
      "integrity": "sha512-3WMJw5Cbfz94Adl1OeyH+rRpGwHiNHzja+CR6aRWPoAtwrUwvP5gXKo0XdX+sdPE+iCU63Xmba88hoHQmzY8RQ==",
      "requires": {
        "blueimp-canvas-to-blob": "3",
        "blueimp-load-image": "5",
        "blueimp-tmpl": "3"
      }
    },
    "blueimp-load-image": {
      "version": "5.16.0",
      "resolved": "https://registry.npmjs.org/blueimp-load-image/-/blueimp-load-image-5.16.0.tgz",
      "integrity": "sha512-3DUSVdOtlfNRk7moRZuTwDmA3NnG8KIJuLcq3c0J7/BIr6X3Vb/EpX3kUH1joxUhmoVF4uCpDfz7wHkz8pQajA==",
      "optional": true
    },
    "blueimp-tmpl": {
      "version": "3.20.0",
      "resolved": "https://registry.npmjs.org/blueimp-tmpl/-/blueimp-tmpl-3.20.0.tgz",
      "integrity": "sha512-g6ln9L+VX8ZA4WA8mgKMethYH+5teroJ2uOkCvcthy9Y9d9LrQ42OAMn+r3ECKu9CB+xe9GOChlIUJBSxwkI6g==",
      "optional": true
    },
    "bootstrap": {
      "version": "5.2.3",
      "resolved": "https://registry.npmjs.org/bootstrap/-/bootstrap-5.2.3.tgz",
      "integrity": "sha512-cEKPM+fwb3cT8NzQZYEu4HilJ3anCrWqh3CHAok1p9jXqMPsPTBhU25fBckEJHJ/p+tTxTFTsFQGM+gaHpi3QQ==",
      "requires": {}
    },
    "braintree": {
      "version": "3.15.0",
      "resolved": "https://registry.npmjs.org/braintree/-/braintree-3.15.0.tgz",
      "integrity": "sha512-J6Ps1nZvf3wiFitPyJYUNaThsY7ATDY7JyUo2kAppXK00ZvPRQ1N0XWp3XNPhNvdJGLRXjmamUvCatEKV9jb7g==",
      "requires": {
        "@braintree/wrap-promise": "2.1.0",
        "dateformat": "4.5.1",
        "xml2js": "0.5.0"
      }
    },
    "dateformat": {
      "version": "4.5.1",
      "resolved": "https://registry.npmjs.org/dateformat/-/dateformat-4.5.1.tgz",
      "integrity": "sha512-OD0TZ+B7yP7ZgpJf5K2DIbj3FZvFvxgFUuaqA/V5zTjAtAAXZ1E8bktHxmAGs4x5b7PflqA9LeQ84Og7wYtF7Q=="
    },
    "jquery": {
      "version": "3.6.4",
      "resolved": "https://registry.npmjs.org/jquery/-/jquery-3.6.4.tgz",
      "integrity": "sha512-v28EW9DWDFpzcD9O5iyJXg3R3+q+mET5JhnjJzQUZMHOv67bpSIHq81GEYpPNZHG+XXHsfSme3nxp/hndKEcsQ=="
    },
    "jquery-ui": {
      "version": "1.13.2",
      "resolved": "https://registry.npmjs.org/jquery-ui/-/jquery-ui-1.13.2.tgz",
      "integrity": "sha512-wBZPnqWs5GaYJmo1Jj0k/mrSkzdQzKDwhXNtHKcBdAcKVxMM3KNYFq+iJ2i1rwiG53Z8M4mTn3Qxrm17uH1D4Q==",
      "requires": {
        "jquery": ">=1.8.0 <4.0.0"
      }
    },
    "jquery.iframe-transport": {
      "version": "1.0.0",
      "resolved": "https://registry.npmjs.org/jquery.iframe-transport/-/jquery.iframe-transport-1.0.0.tgz",
      "integrity": "sha512-dKReRo8hsu7IRhhlWi4/zwpZaYQ+IB/H38X2k9JAY2V5iHxBP56Wk26XvPVt5dh+tEPomt15jXbpd4ApxzraBQ=="
    },
    "sax": {
      "version": "1.2.4",
      "resolved": "https://registry.npmjs.org/sax/-/sax-1.2.4.tgz",
      "integrity": "sha512-NqVDv9TpANUjFm0N8uM5GxL36UgKi9/atZw+x7YFnQ8ckwFGKrl4xX4yWtrey3UJm5nP1kUbnYgLopqWNSRhWw=="
    },
    "xml2js": {
      "version": "0.5.0",
      "resolved": "https://registry.npmjs.org/xml2js/-/xml2js-0.5.0.tgz",
      "integrity": "sha512-drPFnkQJik/O+uPKpqSgr22mpuFHqKdbS835iAQrUC73L2F5WkboIRd63ai/2Yg6I1jzifPFKH2NTK+cfglkIA==",
      "requires": {
        "sax": ">=0.6.0",
        "xmlbuilder": "~11.0.0"
      }
    },
    "xmlbuilder": {
      "version": "11.0.1",
      "resolved": "https://registry.npmjs.org/xmlbuilder/-/xmlbuilder-11.0.1.tgz",
      "integrity": "sha512-fDlsI/kFEx7gLvbecc0/ohLG50fugQp8ryHzMTuW9vSa1GJ0XYWKnhsUx7oie3G98+r56aTQIUB4kht42R3JvA=="
    }
  }
}
